// !$*UTF8*$!
{
	archiveVersion = 1;
	classes = {
	};
	objectVersion = 45;
	objects = {

/* Begin PBXBuildFile section */
		1DDD58160DA1D0A300B32029 /* MainMenu.xib in Resources */ = {isa = PBXBuildFile; fileRef = 1DDD58140DA1D0A300B32029 /* MainMenu.xib */; };
		256AC3DA0F4B6AC300CF3369 /* _15SpeedUpAppDelegate.m in Sources */ = {isa = PBXBuildFile; fileRef = 256AC3D90F4B6AC300CF3369 /* _15SpeedUpAppDelegate.m */; };
		838C772C1324A31F00BA304A /* AZWindow.m in Sources */ = {isa = PBXBuildFile; fileRef = 838C772B1324A31F00BA304A /* AZWindow.m */; };
		838C77441324B19300BA304A /* AZ115URL.m in Sources */ = {isa = PBXBuildFile; fileRef = 838C77431324B19300BA304A /* AZ115URL.m */; };
		838C78C81324D9EE00BA304A /* axel in Resources */ = {isa = PBXBuildFile; fileRef = 838C78C71324D9EE00BA304A /* axel */; };
		83B291261325DF6B0032B189 /* README in Resources */ = {isa = PBXBuildFile; fileRef = 83B291251325DF6B0032B189 /* README */; };
		83B29162132606B90032B189 /* AZTableViewController.m in Sources */ = {isa = PBXBuildFile; fileRef = 83B29161132606B90032B189 /* AZTableViewController.m */; };
		83B2917A132611A80032B189 /* AZDownloadManager.m in Sources */ = {isa = PBXBuildFile; fileRef = 83B29179132611A80032B189 /* AZDownloadManager.m */; };
		83B291D813272A270032B189 /* 115Icon.icns in Resources */ = {isa = PBXBuildFile; fileRef = 83B291D713272A270032B189 /* 115Icon.icns */; };
		83B292A613273BD30032B189 /* NSObject+JSON.m in Sources */ = {isa = PBXBuildFile; fileRef = 83B2929513273BD30032B189 /* NSObject+JSON.m */; };
		83B292A713273BD30032B189 /* SBJsonParser.m in Sources */ = {isa = PBXBuildFile; fileRef = 83B2929713273BD30032B189 /* SBJsonParser.m */; };
		83B292A813273BD30032B189 /* SBJsonStreamParser.m in Sources */ = {isa = PBXBuildFile; fileRef = 83B2929913273BD30032B189 /* SBJsonStreamParser.m */; };
		83B292A913273BD30032B189 /* SBJsonStreamParserAdapter.m in Sources */ = {isa = PBXBuildFile; fileRef = 83B2929B13273BD30032B189 /* SBJsonStreamParserAdapter.m */; };
		83B292AA13273BD30032B189 /* SBJsonStreamParserState.m in Sources */ = {isa = PBXBuildFile; fileRef = 83B2929D13273BD30032B189 /* SBJsonStreamParserState.m */; };
		83B292AB13273BD30032B189 /* SBJsonStreamWriter.m in Sources */ = {isa = PBXBuildFile; fileRef = 83B2929F13273BD30032B189 /* SBJsonStreamWriter.m */; };
		83B292AC13273BD30032B189 /* SBJsonStreamWriterState.m in Sources */ = {isa = PBXBuildFile; fileRef = 83B292A113273BD30032B189 /* SBJsonStreamWriterState.m */; };
		83B292AD13273BD30032B189 /* SBJsonTokeniser.m in Sources */ = {isa = PBXBuildFile; fileRef = 83B292A313273BD30032B189 /* SBJsonTokeniser.m */; };
		83B292AE13273BD30032B189 /* SBJsonWriter.m in Sources */ = {isa = PBXBuildFile; fileRef = 83B292A513273BD30032B189 /* SBJsonWriter.m */; };
		8D11072B0486CEB800E47090 /* InfoPlist.strings in Resources */ = {isa = PBXBuildFile; fileRef = 089C165CFE840E0CC02AAC07 /* InfoPlist.strings */; };
		8D11072D0486CEB800E47090 /* main.m in Sources */ = {isa = PBXBuildFile; fileRef = 29B97316FDCFA39411CA2CEA /* main.m */; settings = {ATTRIBUTES = (); }; };
		8D11072F0486CEB800E47090 /* Cocoa.framework in Frameworks */ = {isa = PBXBuildFile; fileRef = 1058C7A1FEA54F0111CA2CBB /* Cocoa.framework */; };
/* End PBXBuildFile section */

/* Begin PBXFileReference section */
		089C165DFE840E0CC02AAC07 /* English */ = {isa = PBXFileReference; fileEncoding = 4; lastKnownFileType = text.plist.strings; name = English; path = English.lproj/InfoPlist.strings; sourceTree = "<group>"; };
		1058C7A1FEA54F0111CA2CBB /* Cocoa.framework */ = {isa = PBXFileReference; lastKnownFileType = wrapper.framework; name = Cocoa.framework; path = /System/Library/Frameworks/Cocoa.framework; sourceTree = "<absolute>"; };
		13E42FB307B3F0F600E4EEF1 /* CoreData.framework */ = {isa = PBXFileReference; lastKnownFileType = wrapper.framework; name = CoreData.framework; path = /System/Library/Frameworks/CoreData.framework; sourceTree = "<absolute>"; };
		1DDD58150DA1D0A300B32029 /* English */ = {isa = PBXFileReference; lastKnownFileType = file.xib; name = English; path = English.lproj/MainMenu.xib; sourceTree = "<group>"; };
		256AC3D80F4B6AC300CF3369 /* _15SpeedUpAppDelegate.h */ = {isa = PBXFileReference; fileEncoding = 4; lastKnownFileType = sourcecode.c.h; path = _15SpeedUpAppDelegate.h; sourceTree = "<group>"; };
		256AC3D90F4B6AC300CF3369 /* _15SpeedUpAppDelegate.m */ = {isa = PBXFileReference; fileEncoding = 4; lastKnownFileType = sourcecode.c.objc; path = _15SpeedUpAppDelegate.m; sourceTree = "<group>"; };
		256AC3F00F4B6AF500CF3369 /* _15SpeedUp_Prefix.pch */ = {isa = PBXFileReference; fileEncoding = 4; lastKnownFileType = sourcecode.c.h; path = _15SpeedUp_Prefix.pch; sourceTree = "<group>"; };
		29B97316FDCFA39411CA2CEA /* main.m */ = {isa = PBXFileReference; fileEncoding = 4; lastKnownFileType = sourcecode.c.objc; path = main.m; sourceTree = "<group>"; };
		29B97324FDCFA39411CA2CEA /* AppKit.framework */ = {isa = PBXFileReference; lastKnownFileType = wrapper.framework; name = AppKit.framework; path = /System/Library/Frameworks/AppKit.framework; sourceTree = "<absolute>"; };
		29B97325FDCFA39411CA2CEA /* Foundation.framework */ = {isa = PBXFileReference; lastKnownFileType = wrapper.framework; name = Foundation.framework; path = /System/Library/Frameworks/Foundation.framework; sourceTree = "<absolute>"; };
		838C772A1324A31F00BA304A /* AZWindow.h */ = {isa = PBXFileReference; fileEncoding = 4; lastKnownFileType = sourcecode.c.h; path = AZWindow.h; sourceTree = "<group>"; };
		838C772B1324A31F00BA304A /* AZWindow.m */ = {isa = PBXFileReference; fileEncoding = 4; lastKnownFileType = sourcecode.c.objc; path = AZWindow.m; sourceTree = "<group>"; };
		838C77421324B19300BA304A /* AZ115URL.h */ = {isa = PBXFileReference; fileEncoding = 4; lastKnownFileType = sourcecode.c.h; path = AZ115URL.h; sourceTree = "<group>"; };
		838C77431324B19300BA304A /* AZ115URL.m */ = {isa = PBXFileReference; fileEncoding = 4; lastKnownFileType = sourcecode.c.objc; path = AZ115URL.m; sourceTree = "<group>"; };
		838C78C71324D9EE00BA304A /* axel */ = {isa = PBXFileReference; lastKnownFileType = "compiled.mach-o.executable"; path = axel; sourceTree = "<group>"; };
		83B291251325DF6B0032B189 /* README */ = {isa = PBXFileReference; fileEncoding = 4; lastKnownFileType = text; path = README; sourceTree = "<group>"; };
		83B29160132606B90032B189 /* AZTableViewController.h */ = {isa = PBXFileReference; fileEncoding = 4; lastKnownFileType = sourcecode.c.h; path = AZTableViewController.h; sourceTree = "<group>"; };
		83B29161132606B90032B189 /* AZTableViewController.m */ = {isa = PBXFileReference; fileEncoding = 4; lastKnownFileType = sourcecode.c.objc; path = AZTableViewController.m; sourceTree = "<group>"; };
		83B29178132611A80032B189 /* AZDownloadManager.h */ = {isa = PBXFileReference; fileEncoding = 4; lastKnownFileType = sourcecode.c.h; path = AZDownloadManager.h; sourceTree = "<group>"; };
		83B29179132611A80032B189 /* AZDownloadManager.m */ = {isa = PBXFileReference; fileEncoding = 4; lastKnownFileType = sourcecode.c.objc; path = AZDownloadManager.m; sourceTree = "<group>"; };
		83B291D713272A270032B189 /* 115Icon.icns */ = {isa = PBXFileReference; lastKnownFileType = image.icns; path = 115Icon.icns; sourceTree = "<group>"; };
		83B2929313273BD30032B189 /* JSON.h */ = {isa = PBXFileReference; fileEncoding = 4; lastKnownFileType = sourcecode.c.h; path = JSON.h; sourceTree = "<group>"; };
		83B2929413273BD30032B189 /* NSObject+JSON.h */ = {isa = PBXFileReference; fileEncoding = 4; lastKnownFileType = sourcecode.c.h; path = "NSObject+JSON.h"; sourceTree = "<group>"; };
		83B2929513273BD30032B189 /* NSObject+JSON.m */ = {isa = PBXFileReference; fileEncoding = 4; lastKnownFileType = sourcecode.c.objc; path = "NSObject+JSON.m"; sourceTree = "<group>"; };
		83B2929613273BD30032B189 /* SBJsonParser.h */ = {isa = PBXFileReference; fileEncoding = 4; lastKnownFileType = sourcecode.c.h; path = SBJsonParser.h; sourceTree = "<group>"; };
		83B2929713273BD30032B189 /* SBJsonParser.m */ = {isa = PBXFileReference; fileEncoding = 4; lastKnownFileType = sourcecode.c.objc; path = SBJsonParser.m; sourceTree = "<group>"; };
		83B2929813273BD30032B189 /* SBJsonStreamParser.h */ = {isa = PBXFileReference; fileEncoding = 4; lastKnownFileType = sourcecode.c.h; path = SBJsonStreamParser.h; sourceTree = "<group>"; };
		83B2929913273BD30032B189 /* SBJsonStreamParser.m */ = {isa = PBXFileReference; fileEncoding = 4; lastKnownFileType = sourcecode.c.objc; path = SBJsonStreamParser.m; sourceTree = "<group>"; };
		83B2929A13273BD30032B189 /* SBJsonStreamParserAdapter.h */ = {isa = PBXFileReference; fileEncoding = 4; lastKnownFileType = sourcecode.c.h; path = SBJsonStreamParserAdapter.h; sourceTree = "<group>"; };
		83B2929B13273BD30032B189 /* SBJsonStreamParserAdapter.m */ = {isa = PBXFileReference; fileEncoding = 4; lastKnownFileType = sourcecode.c.objc; path = SBJsonStreamParserAdapter.m; sourceTree = "<group>"; };
		83B2929C13273BD30032B189 /* SBJsonStreamParserState.h */ = {isa = PBXFileReference; fileEncoding = 4; lastKnownFileType = sourcecode.c.h; path = SBJsonStreamParserState.h; sourceTree = "<group>"; };
		83B2929D13273BD30032B189 /* SBJsonStreamParserState.m */ = {isa = PBXFileReference; fileEncoding = 4; lastKnownFileType = sourcecode.c.objc; path = SBJsonStreamParserState.m; sourceTree = "<group>"; };
		83B2929E13273BD30032B189 /* SBJsonStreamWriter.h */ = {isa = PBXFileReference; fileEncoding = 4; lastKnownFileType = sourcecode.c.h; path = SBJsonStreamWriter.h; sourceTree = "<group>"; };
		83B2929F13273BD30032B189 /* SBJsonStreamWriter.m */ = {isa = PBXFileReference; fileEncoding = 4; lastKnownFileType = sourcecode.c.objc; path = SBJsonStreamWriter.m; sourceTree = "<group>"; };
		83B292A013273BD30032B189 /* SBJsonStreamWriterState.h */ = {isa = PBXFileReference; fileEncoding = 4; lastKnownFileType = sourcecode.c.h; path = SBJsonStreamWriterState.h; sourceTree = "<group>"; };
		83B292A113273BD30032B189 /* SBJsonStreamWriterState.m */ = {isa = PBXFileReference; fileEncoding = 4; lastKnownFileType = sourcecode.c.objc; path = SBJsonStreamWriterState.m; sourceTree = "<group>"; };
		83B292A213273BD30032B189 /* SBJsonTokeniser.h */ = {isa = PBXFileReference; fileEncoding = 4; lastKnownFileType = sourcecode.c.h; path = SBJsonTokeniser.h; sourceTree = "<group>"; };
		83B292A313273BD30032B189 /* SBJsonTokeniser.m */ = {isa = PBXFileReference; fileEncoding = 4; lastKnownFileType = sourcecode.c.objc; path = SBJsonTokeniser.m; sourceTree = "<group>"; };
		83B292A413273BD30032B189 /* SBJsonWriter.h */ = {isa = PBXFileReference; fileEncoding = 4; lastKnownFileType = sourcecode.c.h; path = SBJsonWriter.h; sourceTree = "<group>"; };
		83B292A513273BD30032B189 /* SBJsonWriter.m */ = {isa = PBXFileReference; fileEncoding = 4; lastKnownFileType = sourcecode.c.objc; path = SBJsonWriter.m; sourceTree = "<group>"; };
		8D1107310486CEB800E47090 /* _15SpeedUp-Info.plist */ = {isa = PBXFileReference; fileEncoding = 4; lastKnownFileType = text.plist.xml; path = "_15SpeedUp-Info.plist"; sourceTree = "<group>"; };
		8D1107320486CEB800E47090 /* 115SpeedUp.app */ = {isa = PBXFileReference; explicitFileType = wrapper.application; includeInIndex = 0; path = 115SpeedUp.app; sourceTree = BUILT_PRODUCTS_DIR; };
/* End PBXFileReference section */

/* Begin PBXFrameworksBuildPhase section */
		8D11072E0486CEB800E47090 /* Frameworks */ = {
			isa = PBXFrameworksBuildPhase;
			buildActionMask = 2147483647;
			files = (
				8D11072F0486CEB800E47090 /* Cocoa.framework in Frameworks */,
			);
			runOnlyForDeploymentPostprocessing = 0;
		};
/* End PBXFrameworksBuildPhase section */

/* Begin PBXGroup section */
		080E96DDFE201D6D7F000001 /* Classes */ = {
			isa = PBXGroup;
			children = (
				83B2929213273BD30032B189 /* JSON */,
				83B29160132606B90032B189 /* AZTableViewController.h */,
				83B29161132606B90032B189 /* AZTableViewController.m */,
				256AC3D80F4B6AC300CF3369 /* _15SpeedUpAppDelegate.h */,
				256AC3D90F4B6AC300CF3369 /* _15SpeedUpAppDelegate.m */,
				838C77421324B19300BA304A /* AZ115URL.h */,
				838C77431324B19300BA304A /* AZ115URL.m */,
				83B29178132611A80032B189 /* AZDownloadManager.h */,
				83B29179132611A80032B189 /* AZDownloadManager.m */,
			);
			name = Classes;
			sourceTree = "<group>";
		};
		1058C7A0FEA54F0111CA2CBB /* Linked Frameworks */ = {
			isa = PBXGroup;
			children = (
				1058C7A1FEA54F0111CA2CBB /* Cocoa.framework */,
			);
			name = "Linked Frameworks";
			sourceTree = "<group>";
		};
		1058C7A2FEA54F0111CA2CBB /* Other Frameworks */ = {
			isa = PBXGroup;
			children = (
				29B97324FDCFA39411CA2CEA /* AppKit.framework */,
				13E42FB307B3F0F600E4EEF1 /* CoreData.framework */,
				29B97325FDCFA39411CA2CEA /* Foundation.framework */,
			);
			name = "Other Frameworks";
			sourceTree = "<group>";
		};
		19C28FACFE9D520D11CA2CBB /* Products */ = {
			isa = PBXGroup;
			children = (
				8D1107320486CEB800E47090 /* 115SpeedUp.app */,
			);
			name = Products;
			sourceTree = "<group>";
		};
		29B97314FDCFA39411CA2CEA /* 115SpeedUp */ = {
			isa = PBXGroup;
			children = (
				838C77291324A2FD00BA304A /* AZComponents */,
				080E96DDFE201D6D7F000001 /* Classes */,
				29B97315FDCFA39411CA2CEA /* Other Sources */,
				29B97317FDCFA39411CA2CEA /* Resources */,
				29B97323FDCFA39411CA2CEA /* Frameworks */,
				19C28FACFE9D520D11CA2CBB /* Products */,
			);
			name = 115SpeedUp;
			sourceTree = "<group>";
		};
		29B97315FDCFA39411CA2CEA /* Other Sources */ = {
			isa = PBXGroup;
			children = (
				256AC3F00F4B6AF500CF3369 /* _15SpeedUp_Prefix.pch */,
				29B97316FDCFA39411CA2CEA /* main.m */,
			);
			name = "Other Sources";
			sourceTree = "<group>";
		};
		29B97317FDCFA39411CA2CEA /* Resources */ = {
			isa = PBXGroup;
			children = (
				83B291D713272A270032B189 /* 115Icon.icns */,
				838C78C71324D9EE00BA304A /* axel */,
				8D1107310486CEB800E47090 /* _15SpeedUp-Info.plist */,
				089C165CFE840E0CC02AAC07 /* InfoPlist.strings */,
				1DDD58140DA1D0A300B32029 /* MainMenu.xib */,
				83B291251325DF6B0032B189 /* README */,
			);
			name = Resources;
			sourceTree = "<group>";
		};
		29B97323FDCFA39411CA2CEA /* Frameworks */ = {
			isa = PBXGroup;
			children = (
				1058C7A0FEA54F0111CA2CBB /* Linked Frameworks */,
				1058C7A2FEA54F0111CA2CBB /* Other Frameworks */,
			);
			name = Frameworks;
			sourceTree = "<group>";
		};
		838C77291324A2FD00BA304A /* AZComponents */ = {
			isa = PBXGroup;
			children = (
				838C772A1324A31F00BA304A /* AZWindow.h */,
				838C772B1324A31F00BA304A /* AZWindow.m */,
			);
			name = AZComponents;
			sourceTree = "<group>";
		};
		83B2929213273BD30032B189 /* JSON */ = {
			isa = PBXGroup;
			children = (
				83B2929313273BD30032B189 /* JSON.h */,
				83B2929413273BD30032B189 /* NSObject+JSON.h */,
				83B2929513273BD30032B189 /* NSObject+JSON.m */,
				83B2929613273BD30032B189 /* SBJsonParser.h */,
				83B2929713273BD30032B189 /* SBJsonParser.m */,
				83B2929813273BD30032B189 /* SBJsonStreamParser.h */,
				83B2929913273BD30032B189 /* SBJsonStreamParser.m */,
				83B2929A13273BD30032B189 /* SBJsonStreamParserAdapter.h */,
				83B2929B13273BD30032B189 /* SBJsonStreamParserAdapter.m */,
				83B2929C13273BD30032B189 /* SBJsonStreamParserState.h */,
				83B2929D13273BD30032B189 /* SBJsonStreamParserState.m */,
				83B2929E13273BD30032B189 /* SBJsonStreamWriter.h */,
				83B2929F13273BD30032B189 /* SBJsonStreamWriter.m */,
				83B292A013273BD30032B189 /* SBJsonStreamWriterState.h */,
				83B292A113273BD30032B189 /* SBJsonStreamWriterState.m */,
				83B292A213273BD30032B189 /* SBJsonTokeniser.h */,
				83B292A313273BD30032B189 /* SBJsonTokeniser.m */,
				83B292A413273BD30032B189 /* SBJsonWriter.h */,
				83B292A513273BD30032B189 /* SBJsonWriter.m */,
			);
			name = JSON;
			path = Classes;
			sourceTree = "<group>";
		};
/* End PBXGroup section */

/* Begin PBXNativeTarget section */
		8D1107260486CEB800E47090 /* 115SpeedUp */ = {
			isa = PBXNativeTarget;
			buildConfigurationList = C01FCF4A08A954540054247B /* Build configuration list for PBXNativeTarget "115SpeedUp" */;
			buildPhases = (
				8D1107290486CEB800E47090 /* Resources */,
				8D11072C0486CEB800E47090 /* Sources */,
				8D11072E0486CEB800E47090 /* Frameworks */,
			);
			buildRules = (
			);
			dependencies = (
			);
			name = 115SpeedUp;
			productInstallPath = "$(HOME)/Applications";
			productName = 115SpeedUp;
			productReference = 8D1107320486CEB800E47090 /* 115SpeedUp.app */;
			productType = "com.apple.product-type.application";
		};
/* End PBXNativeTarget section */

/* Begin PBXProject section */
		29B97313FDCFA39411CA2CEA /* Project object */ = {
			isa = PBXProject;
			buildConfigurationList = C01FCF4E08A954540054247B /* Build configuration list for PBXProject "115SpeedUp" */;
			compatibilityVersion = "Xcode 3.1";
			developmentRegion = English;
			hasScannedForEncodings = 1;
			knownRegions = (
				English,
				Japanese,
				French,
				German,
			);
			mainGroup = 29B97314FDCFA39411CA2CEA /* 115SpeedUp */;
			projectDirPath = "";
			projectRoot = "";
			targets = (
				8D1107260486CEB800E47090 /* 115SpeedUp */,
			);
		};
/* End PBXProject section */

/* Begin PBXResourcesBuildPhase section */
		8D1107290486CEB800E47090 /* Resources */ = {
			isa = PBXResourcesBuildPhase;
			buildActionMask = 2147483647;
			files = (
				8D11072B0486CEB800E47090 /* InfoPlist.strings in Resources */,
				1DDD58160DA1D0A300B32029 /* MainMenu.xib in Resources */,
				838C78C81324D9EE00BA304A /* axel in Resources */,
				83B291261325DF6B0032B189 /* README in Resources */,
				83B291D813272A270032B189 /* 115Icon.icns in Resources */,
			);
			runOnlyForDeploymentPostprocessing = 0;
		};
/* End PBXResourcesBuildPhase section */

/* Begin PBXSourcesBuildPhase section */
		8D11072C0486CEB800E47090 /* Sources */ = {
			isa = PBXSourcesBuildPhase;
			buildActionMask = 2147483647;
			files = (
				8D11072D0486CEB800E47090 /* main.m in Sources */,
				256AC3DA0F4B6AC300CF3369 /* _15SpeedUpAppDelegate.m in Sources */,
				838C772C1324A31F00BA304A /* AZWindow.m in Sources */,
				838C77441324B19300BA304A /* AZ115URL.m in Sources */,
				83B29162132606B90032B189 /* AZTableViewController.m in Sources */,
				83B2917A132611A80032B189 /* AZDownloadManager.m in Sources */,
				83B292A613273BD30032B189 /* NSObject+JSON.m in Sources */,
				83B292A713273BD30032B189 /* SBJsonParser.m in Sources */,
				83B292A813273BD30032B189 /* SBJsonStreamParser.m in Sources */,
				83B292A913273BD30032B189 /* SBJsonStreamParserAdapter.m in Sources */,
				83B292AA13273BD30032B189 /* SBJsonStreamParserState.m in Sources */,
				83B292AB13273BD30032B189 /* SBJsonStreamWriter.m in Sources */,
				83B292AC13273BD30032B189 /* SBJsonStreamWriterState.m in Sources */,
				83B292AD13273BD30032B189 /* SBJsonTokeniser.m in Sources */,
				83B292AE13273BD30032B189 /* SBJsonWriter.m in Sources */,
			);
			runOnlyForDeploymentPostprocessing = 0;
		};
/* End PBXSourcesBuildPhase section */

/* Begin PBXVariantGroup section */
		089C165CFE840E0CC02AAC07 /* InfoPlist.strings */ = {
			isa = PBXVariantGroup;
			children = (
				089C165DFE840E0CC02AAC07 /* English */,
			);
			name = InfoPlist.strings;
			sourceTree = "<group>";
		};
		1DDD58140DA1D0A300B32029 /* MainMenu.xib */ = {
			isa = PBXVariantGroup;
			children = (
				1DDD58150DA1D0A300B32029 /* English */,
			);
			name = MainMenu.xib;
			sourceTree = "<group>";
		};
/* End PBXVariantGroup section */

/* Begin XCBuildConfiguration section */
		C01FCF4B08A954540054247B /* Debug */ = {
			isa = XCBuildConfiguration;
			buildSettings = {
				ALWAYS_SEARCH_USER_PATHS = NO;
				COPY_PHASE_STRIP = NO;
				GCC_DYNAMIC_NO_PIC = NO;
				GCC_ENABLE_FIX_AND_CONTINUE = YES;
				GCC_MODEL_TUNING = G5;
				GCC_OPTIMIZATION_LEVEL = 0;
				GCC_PRECOMPILE_PREFIX_HEADER = YES;
				GCC_PREFIX_HEADER = _15SpeedUp_Prefix.pch;
				INFOPLIST_FILE = "_15SpeedUp-Info.plist";
				INSTALL_PATH = "$(HOME)/Applications";
				PRODUCT_NAME = 115SpeedUp;
			};
			name = Debug;
		};
		C01FCF4C08A954540054247B /* Release */ = {
			isa = XCBuildConfiguration;
			buildSettings = {
				ALWAYS_SEARCH_USER_PATHS = NO;
				DEBUG_INFORMATION_FORMAT = "dwarf-with-dsym";
				GCC_MODEL_TUNING = G5;
				GCC_PRECOMPILE_PREFIX_HEADER = YES;
				GCC_PREFIX_HEADER = _15SpeedUp_Prefix.pch;
				INFOPLIST_FILE = "_15SpeedUp-Info.plist";
				INSTALL_PATH = "$(HOME)/Applications";
				PRODUCT_NAME = 115SpeedUp;
			};
			name = Release;
		};
		C01FCF4F08A954540054247B /* Debug */ = {
			isa = XCBuildConfiguration;
			buildSettings = {
				ARCHS = "$(ARCHS_STANDARD_32_64_BIT)";
				GCC_C_LANGUAGE_STANDARD = gnu99;
				GCC_OPTIMIZATION_LEVEL = 0;
				GCC_WARN_ABOUT_RETURN_TYPE = YES;
				GCC_WARN_UNUSED_VARIABLE = YES;
				ONLY_ACTIVE_ARCH = YES;
				PREBINDING = NO;
				SDKROOT = macosx10.6;
			};
			name = Debug;
		};
		C01FCF5008A954540054247B /* Release */ = {
			isa = XCBuildConfiguration;
			buildSettings = {
				ARCHS = "$(ARCHS_STANDARD_32_64_BIT)";
				GCC_C_LANGUAGE_STANDARD = gnu99;
				GCC_WARN_ABOUT_RETURN_TYPE = YES;
				GCC_WARN_UNUSED_VARIABLE = YES;
				PREBINDING = NO;
				SDKROOT = macosx10.6;
			};
			name = Release;
		};
/* End XCBuildConfiguration section */

/* Begin XCConfigurationList section */
		C01FCF4A08A954540054247B /* Build configuration list for PBXNativeTarget "115SpeedUp" */ = {
			isa = XCConfigurationList;
			buildConfigurations = (
				C01FCF4B08A954540054247B /* Debug */,
				C01FCF4C08A954540054247B /* Release */,
			);
			defaultConfigurationIsVisible = 0;
			defaultConfigurationName = Release;
		};
		C01FCF4E08A954540054247B /* Build configuration list for PBXProject "115SpeedUp" */ = {
			isa = XCConfigurationList;
			buildConfigurations = (
				C01FCF4F08A954540054247B /* Debug */,
				C01FCF5008A954540054247B /* Release */,
			);
			defaultConfigurationIsVisible = 0;
			defaultConfigurationName = Release;
		};
/* End XCConfigurationList section */
	};
	rootObject = 29B97313FDCFA39411CA2CEA /* Project object */;
}
